// !$*UTF8*$!
{
	archiveVersion = 1;
	classes = {
	};
	objectVersion = 55;
	objects = {

/* Begin PBXBuildFile section */
		7DDBCE36621B2D7532004FC3 /* libPods-Marvel Heroes App.a in Frameworks */ = {isa = PBXBuildFile; fileRef = AC633049C483196530754AFE /* libPods-Marvel Heroes App.a */; };
		911EECBB2920008C00AE2F61 /* SnapKit in Frameworks */ = {isa = PBXBuildFile; productRef = 911EECBA2920008C00AE2F61 /* SnapKit */; };
		911EECC4292008D900AE2F61 /* MarvelHeroesModel.swift in Sources */ = {isa = PBXBuildFile; fileRef = 911EECC3292008D900AE2F61 /* MarvelHeroesModel.swift */; };
		915423832922B99300B6833F /* ApiKeys.swift in Sources */ = {isa = PBXBuildFile; fileRef = 915423822922B99300B6833F /* ApiKeys.swift */; };
		915423852922C22500B6833F /* Parser.swift in Sources */ = {isa = PBXBuildFile; fileRef = 915423842922C22500B6833F /* Parser.swift */; };
		915423892922C58500B6833F /* String + MD5.swift in Sources */ = {isa = PBXBuildFile; fileRef = 915423882922C58500B6833F /* String + MD5.swift */; };
		9167BBA2291EAAF400B8AC5B /* AppDelegate.swift in Sources */ = {isa = PBXBuildFile; fileRef = 9167BBA1291EAAF400B8AC5B /* AppDelegate.swift */; };
		9167BBA4291EAAF400B8AC5B /* SceneDelegate.swift in Sources */ = {isa = PBXBuildFile; fileRef = 9167BBA3291EAAF400B8AC5B /* SceneDelegate.swift */; };
		9167BBA6291EAAF400B8AC5B /* HeroesViewController.swift in Sources */ = {isa = PBXBuildFile; fileRef = 9167BBA5291EAAF400B8AC5B /* HeroesViewController.swift */; };
		9167BBAB291EAB1000B8AC5B /* Assets.xcassets in Resources */ = {isa = PBXBuildFile; fileRef = 9167BBAA291EAB1000B8AC5B /* Assets.xcassets */; };
		9167BBAE291EAB1000B8AC5B /* LaunchScreen.storyboard in Resources */ = {isa = PBXBuildFile; fileRef = 9167BBAC291EAB1000B8AC5B /* LaunchScreen.storyboard */; };
		91EC9B78292E3F790048777C /* HeroesCustomTableViewCell.swift in Sources */ = {isa = PBXBuildFile; fileRef = 91EC9B77292E3F790048777C /* HeroesCustomTableViewCell.swift */; };
/* End PBXBuildFile section */

/* Begin PBXFileReference section */
		0E1DE1DAE7B7E36AB3299E3E /* Pods-Marvel Heroes App.release.xcconfig */ = {isa = PBXFileReference; includeInIndex = 1; lastKnownFileType = text.xcconfig; name = "Pods-Marvel Heroes App.release.xcconfig"; path = "Target Support Files/Pods-Marvel Heroes App/Pods-Marvel Heroes App.release.xcconfig"; sourceTree = "<group>"; };
		911EECC3292008D900AE2F61 /* MarvelHeroesModel.swift */ = {isa = PBXFileReference; lastKnownFileType = sourcecode.swift; path = MarvelHeroesModel.swift; sourceTree = "<group>"; };
		915423822922B99300B6833F /* ApiKeys.swift */ = {isa = PBXFileReference; lastKnownFileType = sourcecode.swift; path = ApiKeys.swift; sourceTree = "<group>"; };
		915423842922C22500B6833F /* Parser.swift */ = {isa = PBXFileReference; lastKnownFileType = sourcecode.swift; path = Parser.swift; sourceTree = "<group>"; };
		915423882922C58500B6833F /* String + MD5.swift */ = {isa = PBXFileReference; lastKnownFileType = sourcecode.swift; path = "String + MD5.swift"; sourceTree = "<group>"; };
		9167BB9E291EAAF400B8AC5B /* Marvel Heroes App.app */ = {isa = PBXFileReference; explicitFileType = wrapper.application; includeInIndex = 0; path = "Marvel Heroes App.app"; sourceTree = BUILT_PRODUCTS_DIR; };
		9167BBA1291EAAF400B8AC5B /* AppDelegate.swift */ = {isa = PBXFileReference; lastKnownFileType = sourcecode.swift; path = AppDelegate.swift; sourceTree = "<group>"; };
		9167BBA3291EAAF400B8AC5B /* SceneDelegate.swift */ = {isa = PBXFileReference; lastKnownFileType = sourcecode.swift; path = SceneDelegate.swift; sourceTree = "<group>"; };
		9167BBA5291EAAF400B8AC5B /* HeroesViewController.swift */ = {isa = PBXFileReference; lastKnownFileType = sourcecode.swift; path = HeroesViewController.swift; sourceTree = "<group>"; };
		9167BBAA291EAB1000B8AC5B /* Assets.xcassets */ = {isa = PBXFileReference; lastKnownFileType = folder.assetcatalog; path = Assets.xcassets; sourceTree = "<group>"; };
		9167BBAD291EAB1000B8AC5B /* Base */ = {isa = PBXFileReference; lastKnownFileType = file.storyboard; name = Base; path = Base.lproj/LaunchScreen.storyboard; sourceTree = "<group>"; };
		9167BBAF291EAB1000B8AC5B /* Info.plist */ = {isa = PBXFileReference; lastKnownFileType = text.plist.xml; path = Info.plist; sourceTree = "<group>"; };
		91EC9B77292E3F790048777C /* HeroesCustomTableViewCell.swift */ = {isa = PBXFileReference; lastKnownFileType = sourcecode.swift; path = HeroesCustomTableViewCell.swift; sourceTree = "<group>"; };
		AC633049C483196530754AFE /* libPods-Marvel Heroes App.a */ = {isa = PBXFileReference; explicitFileType = archive.ar; includeInIndex = 0; path = "libPods-Marvel Heroes App.a"; sourceTree = BUILT_PRODUCTS_DIR; };
		D0BE9E6EA67595DA8F66728F /* Pods-Marvel Heroes App.debug.xcconfig */ = {isa = PBXFileReference; includeInIndex = 1; lastKnownFileType = text.xcconfig; name = "Pods-Marvel Heroes App.debug.xcconfig"; path = "Target Support Files/Pods-Marvel Heroes App/Pods-Marvel Heroes App.debug.xcconfig"; sourceTree = "<group>"; };
/* End PBXFileReference section */

/* Begin PBXFrameworksBuildPhase section */
		9167BB9B291EAAF400B8AC5B /* Frameworks */ = {
			isa = PBXFrameworksBuildPhase;
			buildActionMask = 2147483647;
			files = (
				911EECBB2920008C00AE2F61 /* SnapKit in Frameworks */,
				7DDBCE36621B2D7532004FC3 /* libPods-Marvel Heroes App.a in Frameworks */,
			);
			runOnlyForDeploymentPostprocessing = 0;
		};
/* End PBXFrameworksBuildPhase section */

/* Begin PBXGroup section */
		911EECBC292005AD00AE2F61 /* Resources */ = {
			isa = PBXGroup;
			children = (
				911EECBE292005D500AE2F61 /* Sources */,
				9167BBAA291EAB1000B8AC5B /* Assets.xcassets */,
				911EECBD292005BC00AE2F61 /* Configuration */,
			);
			path = Resources;
			sourceTree = "<group>";
		};
		911EECBD292005BC00AE2F61 /* Configuration */ = {
			isa = PBXGroup;
			children = (
				9167BBAF291EAB1000B8AC5B /* Info.plist */,
			);
			path = Configuration;
			sourceTree = "<group>";
		};
		911EECBE292005D500AE2F61 /* Sources */ = {
			isa = PBXGroup;
			children = (
				9167BBAC291EAB1000B8AC5B /* LaunchScreen.storyboard */,
			);
			path = Sources;
			sourceTree = "<group>";
		};
		911EECBF292005F700AE2F61 /* App */ = {
			isa = PBXGroup;
			children = (
				9167BBA1291EAAF400B8AC5B /* AppDelegate.swift */,
				9167BBA3291EAAF400B8AC5B /* SceneDelegate.swift */,
			);
			path = App;
			sourceTree = "<group>";
		};
		911EECC0292008AF00AE2F61 /* ViewModel */ = {
			isa = PBXGroup;
			children = (
				915423842922C22500B6833F /* Parser.swift */,
			);
			path = ViewModel;
			sourceTree = "<group>";
		};
		911EECC1292008BE00AE2F61 /* View */ = {
			isa = PBXGroup;
			children = (
				9154238029200EF400B6833F /* Controllers */,
				9154237F29200EE500B6833F /* Cells */,
			);
			path = View;
			sourceTree = "<group>";
		};
		911EECC2292008C300AE2F61 /* Model */ = {
			isa = PBXGroup;
			children = (
				911EECC3292008D900AE2F61 /* MarvelHeroesModel.swift */,
			);
			path = Model;
			sourceTree = "<group>";
		};
		9154237F29200EE500B6833F /* Cells */ = {
			isa = PBXGroup;
			children = (
				91EC9B77292E3F790048777C /* HeroesCustomTableViewCell.swift */,
			);
			path = Cells;
			sourceTree = "<group>";
		};
		9154238029200EF400B6833F /* Controllers */ = {
			isa = PBXGroup;
			children = (
				9167BBA5291EAAF400B8AC5B /* HeroesViewController.swift */,
			);
			path = Controllers;
			sourceTree = "<group>";
		};
		915423812922B97D00B6833F /* Api keys */ = {
			isa = PBXGroup;
			children = (
				915423822922B99300B6833F /* ApiKeys.swift */,
			);
			path = "Api keys";
			sourceTree = "<group>";
		};
		915423862922C4D600B6833F /* NetworkManager */ = {
			isa = PBXGroup;
			children = (
			);
			path = NetworkManager;
			sourceTree = "<group>";
		};
		915423872922C55B00B6833F /* Extensions */ = {
			isa = PBXGroup;
			children = (
				915423882922C58500B6833F /* String + MD5.swift */,
			);
			path = Extensions;
			sourceTree = "<group>";
		};
		9167BB95291EAAF300B8AC5B = {
			isa = PBXGroup;
			children = (
				9167BBA0291EAAF400B8AC5B /* Marvel Heroes App */,
				9167BB9F291EAAF400B8AC5B /* Products */,
				FE304974C007451B460FC3C2 /* Pods */,
				A52CCE7E8C9B9A05A15E139A /* Frameworks */,
			);
			sourceTree = "<group>";
		};
		9167BB9F291EAAF400B8AC5B /* Products */ = {
			isa = PBXGroup;
			children = (
				9167BB9E291EAAF400B8AC5B /* Marvel Heroes App.app */,
			);
			name = Products;
			sourceTree = "<group>";
		};
		9167BBA0291EAAF400B8AC5B /* Marvel Heroes App */ = {
			isa = PBXGroup;
			children = (
				911EECBF292005F700AE2F61 /* App */,
				915423862922C4D600B6833F /* NetworkManager */,
				91EC9B76292E3E6C0048777C /* Main Module */,
				915423872922C55B00B6833F /* Extensions */,
				915423812922B97D00B6833F /* Api keys */,
				911EECBC292005AD00AE2F61 /* Resources */,
			);
			path = "Marvel Heroes App";
			sourceTree = "<group>";
		};
		91EC9B76292E3E6C0048777C /* Main Module */ = {
			isa = PBXGroup;
			children = (
				911EECC2292008C300AE2F61 /* Model */,
				911EECC1292008BE00AE2F61 /* View */,
				911EECC0292008AF00AE2F61 /* ViewModel */,
			);
			path = "Main Module";
			sourceTree = "<group>";
		};
		A52CCE7E8C9B9A05A15E139A /* Frameworks */ = {
			isa = PBXGroup;
			children = (
				AC633049C483196530754AFE /* libPods-Marvel Heroes App.a */,
			);
			name = Frameworks;
			sourceTree = "<group>";
		};
		FE304974C007451B460FC3C2 /* Pods */ = {
			isa = PBXGroup;
			children = (
				D0BE9E6EA67595DA8F66728F /* Pods-Marvel Heroes App.debug.xcconfig */,
				0E1DE1DAE7B7E36AB3299E3E /* Pods-Marvel Heroes App.release.xcconfig */,
			);
			path = Pods;
			sourceTree = "<group>";
		};
/* End PBXGroup section */

/* Begin PBXNativeTarget section */
		9167BB9D291EAAF400B8AC5B /* Marvel Heroes App */ = {
			isa = PBXNativeTarget;
			buildConfigurationList = 9167BBB2291EAB1000B8AC5B /* Build configuration list for PBXNativeTarget "Marvel Heroes App" */;
			buildPhases = (
				EDC7C2F079DDF610E2862E88 /* [CP] Check Pods Manifest.lock */,
				9167BB9A291EAAF400B8AC5B /* Sources */,
				9167BB9B291EAAF400B8AC5B /* Frameworks */,
				9167BB9C291EAAF400B8AC5B /* Resources */,
			);
			buildRules = (
			);
			dependencies = (
			);
			name = "Marvel Heroes App";
			packageProductDependencies = (
				911EECBA2920008C00AE2F61 /* SnapKit */,
			);
			productName = "Marvel Heroes App";
			productReference = 9167BB9E291EAAF400B8AC5B /* Marvel Heroes App.app */;
			productType = "com.apple.product-type.application";
		};
/* End PBXNativeTarget section */

/* Begin PBXProject section */
		9167BB96291EAAF300B8AC5B /* Project object */ = {
			isa = PBXProject;
			attributes = {
				BuildIndependentTargetsInParallel = 1;
				LastSwiftUpdateCheck = 1340;
				LastUpgradeCheck = 1340;
				TargetAttributes = {
					9167BB9D291EAAF400B8AC5B = {
						CreatedOnToolsVersion = 13.4.1;
					};
				};
			};
			buildConfigurationList = 9167BB99291EAAF300B8AC5B /* Build configuration list for PBXProject "Marvel Heroes App" */;
			compatibilityVersion = "Xcode 13.0";
			developmentRegion = en;
			hasScannedForEncodings = 0;
			knownRegions = (
				en,
				Base,
			);
			mainGroup = 9167BB95291EAAF300B8AC5B;
			packageReferences = (
				911EECB92920008C00AE2F61 /* XCRemoteSwiftPackageReference "SnapKit" */,
			);
			productRefGroup = 9167BB9F291EAAF400B8AC5B /* Products */;
			projectDirPath = "";
			projectRoot = "";
			targets = (
				9167BB9D291EAAF400B8AC5B /* Marvel Heroes App */,
			);
		};
/* End PBXProject section */

/* Begin PBXResourcesBuildPhase section */
		9167BB9C291EAAF400B8AC5B /* Resources */ = {
			isa = PBXResourcesBuildPhase;
			buildActionMask = 2147483647;
			files = (
				9167BBAE291EAB1000B8AC5B /* LaunchScreen.storyboard in Resources */,
				9167BBAB291EAB1000B8AC5B /* Assets.xcassets in Resources */,
			);
			runOnlyForDeploymentPostprocessing = 0;
		};
/* End PBXResourcesBuildPhase section */

/* Begin PBXShellScriptBuildPhase section */
		EDC7C2F079DDF610E2862E88 /* [CP] Check Pods Manifest.lock */ = {
			isa = PBXShellScriptBuildPhase;
			buildActionMask = 2147483647;
			files = (
			);
			inputFileListPaths = (
			);
			inputPaths = (
				"${PODS_PODFILE_DIR_PATH}/Podfile.lock",
				"${PODS_ROOT}/Manifest.lock",
			);
			name = "[CP] Check Pods Manifest.lock";
			outputFileListPaths = (
			);
			outputPaths = (
				"$(DERIVED_FILE_DIR)/Pods-Marvel Heroes App-checkManifestLockResult.txt",
			);
			runOnlyForDeploymentPostprocessing = 0;
			shellPath = /bin/sh;
			shellScript = "diff \"${PODS_PODFILE_DIR_PATH}/Podfile.lock\" \"${PODS_ROOT}/Manifest.lock\" > /dev/null\nif [ $? != 0 ] ; then\n    # print error to STDERR\n    echo \"error: The sandbox is not in sync with the Podfile.lock. Run 'pod install' or update your CocoaPods installation.\" >&2\n    exit 1\nfi\n# This output is used by Xcode 'outputs' to avoid re-running this script phase.\necho \"SUCCESS\" > \"${SCRIPT_OUTPUT_FILE_0}\"\n";
			showEnvVarsInLog = 0;
		};
/* End PBXShellScriptBuildPhase section */

/* Begin PBXSourcesBuildPhase section */
		9167BB9A291EAAF400B8AC5B /* Sources */ = {
			isa = PBXSourcesBuildPhase;
			buildActionMask = 2147483647;
			files = (
				911EECC4292008D900AE2F61 /* MarvelHeroesModel.swift in Sources */,
				9167BBA6291EAAF400B8AC5B /* HeroesViewController.swift in Sources */,
				915423832922B99300B6833F /* ApiKeys.swift in Sources */,
				9167BBA2291EAAF400B8AC5B /* AppDelegate.swift in Sources */,
				9167BBA4291EAAF400B8AC5B /* SceneDelegate.swift in Sources */,
				915423892922C58500B6833F /* String + MD5.swift in Sources */,
				91EC9B78292E3F790048777C /* HeroesCustomTableViewCell.swift in Sources */,
				915423852922C22500B6833F /* Parser.swift in Sources */,
			);
			runOnlyForDeploymentPostprocessing = 0;
		};
/* End PBXSourcesBuildPhase section */

/* Begin PBXVariantGroup section */
		9167BBAC291EAB1000B8AC5B /* LaunchScreen.storyboard */ = {
			isa = PBXVariantGroup;
			children = (
				9167BBAD291EAB1000B8AC5B /* Base */,
			);
			name = LaunchScreen.storyboard;
			sourceTree = "<group>";
		};
/* End PBXVariantGroup section */

/* Begin XCBuildConfiguration section */
		9167BBB0291EAB1000B8AC5B /* Debug */ = {
			isa = XCBuildConfiguration;
			buildSettings = {
				ALWAYS_SEARCH_USER_PATHS = NO;
				CLANG_ANALYZER_NONNULL = YES;
				CLANG_ANALYZER_NUMBER_OBJECT_CONVERSION = YES_AGGRESSIVE;
				CLANG_CXX_LANGUAGE_STANDARD = "gnu++17";
				CLANG_ENABLE_MODULES = YES;
				CLANG_ENABLE_OBJC_ARC = YES;
				CLANG_ENABLE_OBJC_WEAK = YES;
				CLANG_WARN_BLOCK_CAPTURE_AUTORELEASING = YES;
				CLANG_WARN_BOOL_CONVERSION = YES;
				CLANG_WARN_COMMA = YES;
				CLANG_WARN_CONSTANT_CONVERSION = YES;
				CLANG_WARN_DEPRECATED_OBJC_IMPLEMENTATIONS = YES;
				CLANG_WARN_DIRECT_OBJC_ISA_USAGE = YES_ERROR;
				CLANG_WARN_DOCUMENTATION_COMMENTS = YES;
				CLANG_WARN_EMPTY_BODY = YES;
				CLANG_WARN_ENUM_CONVERSION = YES;
				CLANG_WARN_INFINITE_RECURSION = YES;
				CLANG_WARN_INT_CONVERSION = YES;
				CLANG_WARN_NON_LITERAL_NULL_CONVERSION = YES;
				CLANG_WARN_OBJC_IMPLICIT_RETAIN_SELF = YES;
				CLANG_WARN_OBJC_LITERAL_CONVERSION = YES;
				CLANG_WARN_OBJC_ROOT_CLASS = YES_ERROR;
				CLANG_WARN_QUOTED_INCLUDE_IN_FRAMEWORK_HEADER = YES;
				CLANG_WARN_RANGE_LOOP_ANALYSIS = YES;
				CLANG_WARN_STRICT_PROTOTYPES = YES;
				CLANG_WARN_SUSPICIOUS_MOVE = YES;
				CLANG_WARN_UNGUARDED_AVAILABILITY = YES_AGGRESSIVE;
				CLANG_WARN_UNREACHABLE_CODE = YES;
				CLANG_WARN__DUPLICATE_METHOD_MATCH = YES;
				COPY_PHASE_STRIP = NO;
				DEBUG_INFORMATION_FORMAT = dwarf;
				ENABLE_STRICT_OBJC_MSGSEND = YES;
				ENABLE_TESTABILITY = YES;
				GCC_C_LANGUAGE_STANDARD = gnu11;
				GCC_DYNAMIC_NO_PIC = NO;
				GCC_NO_COMMON_BLOCKS = YES;
				GCC_OPTIMIZATION_LEVEL = 0;
				GCC_PREPROCESSOR_DEFINITIONS = (
					"DEBUG=1",
					"$(inherited)",
				);
				GCC_WARN_64_TO_32_BIT_CONVERSION = YES;
				GCC_WARN_ABOUT_RETURN_TYPE = YES_ERROR;
				GCC_WARN_UNDECLARED_SELECTOR = YES;
				GCC_WARN_UNINITIALIZED_AUTOS = YES_AGGRESSIVE;
				GCC_WARN_UNUSED_FUNCTION = YES;
				GCC_WARN_UNUSED_VARIABLE = YES;
				IPHONEOS_DEPLOYMENT_TARGET = 15.5;
				MTL_ENABLE_DEBUG_INFO = INCLUDE_SOURCE;
				MTL_FAST_MATH = YES;
				ONLY_ACTIVE_ARCH = YES;
				SDKROOT = iphoneos;
				SWIFT_ACTIVE_COMPILATION_CONDITIONS = DEBUG;
				SWIFT_OPTIMIZATION_LEVEL = "-Onone";
			};
			name = Debug;
		};
		9167BBB1291EAB1000B8AC5B /* Release */ = {
			isa = XCBuildConfiguration;
			buildSettings = {
				ALWAYS_SEARCH_USER_PATHS = NO;
				CLANG_ANALYZER_NONNULL = YES;
				CLANG_ANALYZER_NUMBER_OBJECT_CONVERSION = YES_AGGRESSIVE;
				CLANG_CXX_LANGUAGE_STANDARD = "gnu++17";
				CLANG_ENABLE_MODULES = YES;
				CLANG_ENABLE_OBJC_ARC = YES;
				CLANG_ENABLE_OBJC_WEAK = YES;
				CLANG_WARN_BLOCK_CAPTURE_AUTORELEASING = YES;
				CLANG_WARN_BOOL_CONVERSION = YES;
				CLANG_WARN_COMMA = YES;
				CLANG_WARN_CONSTANT_CONVERSION = YES;
				CLANG_WARN_DEPRECATED_OBJC_IMPLEMENTATIONS = YES;
				CLANG_WARN_DIRECT_OBJC_ISA_USAGE = YES_ERROR;
				CLANG_WARN_DOCUMENTATION_COMMENTS = YES;
				CLANG_WARN_EMPTY_BODY = YES;
				CLANG_WARN_ENUM_CONVERSION = YES;
				CLANG_WARN_INFINITE_RECURSION = YES;
				CLANG_WARN_INT_CONVERSION = YES;
				CLANG_WARN_NON_LITERAL_NULL_CONVERSION = YES;
				CLANG_WARN_OBJC_IMPLICIT_RETAIN_SELF = YES;
				CLANG_WARN_OBJC_LITERAL_CONVERSION = YES;
				CLANG_WARN_OBJC_ROOT_CLASS = YES_ERROR;
				CLANG_WARN_QUOTED_INCLUDE_IN_FRAMEWORK_HEADER = YES;
				CLANG_WARN_RANGE_LOOP_ANALYSIS = YES;
				CLANG_WARN_STRICT_PROTOTYPES = YES;
				CLANG_WARN_SUSPICIOUS_MOVE = YES;
				CLANG_WARN_UNGUARDED_AVAILABILITY = YES_AGGRESSIVE;
				CLANG_WARN_UNREACHABLE_CODE = YES;
				CLANG_WARN__DUPLICATE_METHOD_MATCH = YES;
				COPY_PHASE_STRIP = NO;
				DEBUG_INFORMATION_FORMAT = "dwarf-with-dsym";
				ENABLE_NS_ASSERTIONS = NO;
				ENABLE_STRICT_OBJC_MSGSEND = YES;
				GCC_C_LANGUAGE_STANDARD = gnu11;
				GCC_NO_COMMON_BLOCKS = YES;
				GCC_WARN_64_TO_32_BIT_CONVERSION = YES;
				GCC_WARN_ABOUT_RETURN_TYPE = YES_ERROR;
				GCC_WARN_UNDECLARED_SELECTOR = YES;
				GCC_WARN_UNINITIALIZED_AUTOS = YES_AGGRESSIVE;
				GCC_WARN_UNUSED_FUNCTION = YES;
				GCC_WARN_UNUSED_VARIABLE = YES;
				IPHONEOS_DEPLOYMENT_TARGET = 15.5;
				MTL_ENABLE_DEBUG_INFO = NO;
				MTL_FAST_MATH = YES;
				SDKROOT = iphoneos;
				SWIFT_COMPILATION_MODE = wholemodule;
				SWIFT_OPTIMIZATION_LEVEL = "-O";
				VALIDATE_PRODUCT = YES;
			};
			name = Release;
		};
		9167BBB3291EAB1000B8AC5B /* Debug */ = {
			isa = XCBuildConfiguration;
			baseConfigurationReference = D0BE9E6EA67595DA8F66728F /* Pods-Marvel Heroes App.debug.xcconfig */;
			buildSettings = {
				ASSETCATALOG_COMPILER_APPICON_NAME = AppIcon;
				ASSETCATALOG_COMPILER_GLOBAL_ACCENT_COLOR_NAME = AccentColor;
				CODE_SIGN_STYLE = Automatic;
				CURRENT_PROJECT_VERSION = 1;
				DEVELOPMENT_TEAM = 66ZXKDA6XW;
				GENERATE_INFOPLIST_FILE = YES;
				INFOPLIST_FILE = "Marvel Heroes App/Resources/Configuration/Info.plist";
				INFOPLIST_KEY_UIApplicationSupportsIndirectInputEvents = YES;
				INFOPLIST_KEY_UILaunchStoryboardName = LaunchScreen;
				INFOPLIST_KEY_UISupportedInterfaceOrientations_iPad = "UIInterfaceOrientationPortrait UIInterfaceOrientationPortraitUpsideDown UIInterfaceOrientationLandscapeLeft UIInterfaceOrientationLandscapeRight";
				INFOPLIST_KEY_UISupportedInterfaceOrientations_iPhone = "UIInterfaceOrientationPortrait UIInterfaceOrientationLandscapeLeft UIInterfaceOrientationLandscapeRight";
				LD_RUNPATH_SEARCH_PATHS = (
					"$(inherited)",
					"@executable_path/Frameworks",
				);
				MARKETING_VERSION = 1.0;
				PRODUCT_BUNDLE_IDENTIFIER = "LA.my.Marvel-Heroes-App";
				PRODUCT_NAME = "$(TARGET_NAME)";
				SWIFT_EMIT_LOC_STRINGS = YES;
				SWIFT_VERSION = 5.0;
				TARGETED_DEVICE_FAMILY = "1,2";
			};
			name = Debug;
		};
		9167BBB4291EAB1000B8AC5B /* Release */ = {
			isa = XCBuildConfiguration;
			baseConfigurationReference = 0E1DE1DAE7B7E36AB3299E3E /* Pods-Marvel Heroes App.release.xcconfig */;
			buildSettings = {
				ASSETCATALOG_COMPILER_APPICON_NAME = AppIcon;
				ASSETCATALOG_COMPILER_GLOBAL_ACCENT_COLOR_NAME = AccentColor;
				CODE_SIGN_STYLE = Automatic;
				CURRENT_PROJECT_VERSION = 1;
				DEVELOPMENT_TEAM = 66ZXKDA6XW;
				GENERATE_INFOPLIST_FILE = YES;
				INFOPLIST_FILE = "Marvel Heroes App/Resources/Configuration/Info.plist";
				INFOPLIST_KEY_UIApplicationSupportsIndirectInputEvents = YES;
				INFOPLIST_KEY_UILaunchStoryboardName = LaunchScreen;
				INFOPLIST_KEY_UISupportedInterfaceOrientations_iPad = "UIInterfaceOrientationPortrait UIInterfaceOrientationPortraitUpsideDown UIInterfaceOrientationLandscapeLeft UIInterfaceOrientationLandscapeRight";
				INFOPLIST_KEY_UISupportedInterfaceOrientations_iPhone = "UIInterfaceOrientationPortrait UIInterfaceOrientationLandscapeLeft UIInterfaceOrientationLandscapeRight";
				LD_RUNPATH_SEARCH_PATHS = (
					"$(inherited)",
					"@executable_path/Frameworks",
				);
				MARKETING_VERSION = 1.0;
				PRODUCT_BUNDLE_IDENTIFIER = "LA.my.Marvel-Heroes-App";
				PRODUCT_NAME = "$(TARGET_NAME)";
				SWIFT_EMIT_LOC_STRINGS = YES;
				SWIFT_VERSION = 5.0;
				TARGETED_DEVICE_FAMILY = "1,2";
			};
			name = Release;
		};
/* End XCBuildConfiguration section */

/* Begin XCConfigurationList section */
		9167BB99291EAAF300B8AC5B /* Build configuration list for PBXProject "Marvel Heroes App" */ = {
			isa = XCConfigurationList;
			buildConfigurations = (
				9167BBB0291EAB1000B8AC5B /* Debug */,
				9167BBB1291EAB1000B8AC5B /* Release */,
			);
			defaultConfigurationIsVisible = 0;
			defaultConfigurationName = Release;
		};
		9167BBB2291EAB1000B8AC5B /* Build configuration list for PBXNativeTarget "Marvel Heroes App" */ = {
			isa = XCConfigurationList;
			buildConfigurations = (
				9167BBB3291EAB1000B8AC5B /* Debug */,
				9167BBB4291EAB1000B8AC5B /* Release */,
			);
			defaultConfigurationIsVisible = 0;
			defaultConfigurationName = Release;
		};
/* End XCConfigurationList section */

/* Begin XCRemoteSwiftPackageReference section */
		911EECB92920008C00AE2F61 /* XCRemoteSwiftPackageReference "SnapKit" */ = {
			isa = XCRemoteSwiftPackageReference;
			repositoryURL = "https://github.com/SnapKit/SnapKit.git";
			requirement = {
				branch = develop;
				kind = branch;
			};
		};
/* End XCRemoteSwiftPackageReference section */

/* Begin XCSwiftPackageProductDependency section */
		911EECBA2920008C00AE2F61 /* SnapKit */ = {
			isa = XCSwiftPackageProductDependency;
			package = 911EECB92920008C00AE2F61 /* XCRemoteSwiftPackageReference "SnapKit" */;
			productName = SnapKit;
		};
/* End XCSwiftPackageProductDependency section */
	};
	rootObject = 9167BB96291EAAF300B8AC5B /* Project object */;
}
